
Microsoft Visual Studio Solution File, Format Version 12.00
# Visual Studio Version 17
VisualStudioVersion = 17.11.35431.28
MinimumVisualStudioVersion = 10.0.40219.1
Project("{FAE04EC0-301F-11D3-BF4B-00C04F79EFBC}") = "LinkNest.Api", "LinkNest.Api\LinkNest.Api.csproj", "{559B1681-8780-4CF0-BC1B-B2B83831B143}"
EndProject
Project("{FAE04EC0-301F-11D3-BF4B-00C04F79EFBC}") = "LinkNest.Domain", "LinkNest.Domain\LinkNest.Domain.csproj", "{2F990089-E535-459D-BB26-0895AB908BD5}"
EndProject
Project("{FAE04EC0-301F-11D3-BF4B-00C04F79EFBC}") = "LinkNest.Application", "LinkNest.Application\LinkNest.Application.csproj", "{99B80554-DE8A-4BE5-AC2F-21F8BAC52FA5}"
EndProject
Project("{FAE04EC0-301F-11D3-BF4B-00C04F79EFBC}") = "LinkNest.Infrastructure", "LinkNest.Infrastructure\LinkNest.Infrastructure.csproj", "{D1266689-32D9-4C9F-8771-87E5D07E94AF}"
EndProject
Project("{2150E333-8FDC-42A3-9474-1A3956D46DE8}") = "Notes", "Notes", "{8EC462FD-D22E-90A8-E5CE-7E832BA40C5D}"
	ProjectSection(SolutionItems) = preProject
		Notes.txt = Notes.txt
	EndProjectSection
EndProject
Project("{2150E333-8FDC-42A3-9474-1A3956D46DE8}") = "test", "test", "{02EA681E-C7D8-13C7-8484-4AC65E1B71E8}"
EndProject
Project("{FAE04EC0-301F-11D3-BF4B-00C04F79EFBC}") = "LinkNest.Application.UnitTests", "LinkNest.Test\LinkNest.Application.UnitTests.csproj", "{3D8538F4-0773-4487-A705-18AEC41CC7C4}"
EndProject
Project("{FAE04EC0-301F-11D3-BF4B-00C04F79EFBC}") = "LinkNest.Domain.UnitTests", "LinkNest.Domain.UnitTests\LinkNest.Domain.UnitTests.csproj", "{0103602E-4AA2-416E-AF5D-2AD76DCF41D6}"
EndProject
Project("{2150E333-8FDC-42A3-9474-1A3956D46DE8}") = "src", "src", "{C2F66737-89FB-4E04-AC00-3E429D36DF38}"
EndProject
Global
	GlobalSection(SolutionConfigurationPlatforms) = preSolution
		Debug|Any CPU = Debug|Any CPU
		Release|Any CPU = Release|Any CPU
	EndGlobalSection
	GlobalSection(ProjectConfigurationPlatforms) = postSolution
		{559B1681-8780-4CF0-BC1B-B2B83831B143}.Debug|Any CPU.ActiveCfg = Debug|Any CPU
		{559B1681-8780-4CF0-BC1B-B2B83831B143}.Debug|Any CPU.Build.0 = Debug|Any CPU
		{559B1681-8780-4CF0-BC1B-B2B83831B143}.Release|Any CPU.ActiveCfg = Release|Any CPU
		{559B1681-8780-4CF0-BC1B-B2B83831B143}.Release|Any CPU.Build.0 = Release|Any CPU
		{2F990089-E535-459D-BB26-0895AB908BD5}.Debug|Any CPU.ActiveCfg = Debug|Any CPU
		{2F990089-E535-459D-BB26-0895AB908BD5}.Debug|Any CPU.Build.0 = Debug|Any CPU
		{2F990089-E535-459D-BB26-0895AB908BD5}.Release|Any CPU.ActiveCfg = Release|Any CPU
		{2F990089-E535-459D-BB26-0895AB908BD5}.Release|Any CPU.Build.0 = Release|Any CPU
		{99B80554-DE8A-4BE5-AC2F-21F8BAC52FA5}.Debug|Any CPU.ActiveCfg = Debug|Any CPU
		{99B80554-DE8A-4BE5-AC2F-21F8BAC52FA5}.Debug|Any CPU.Build.0 = Debug|Any CPU
		{99B80554-DE8A-4BE5-AC2F-21F8BAC52FA5}.Release|Any CPU.ActiveCfg = Release|Any CPU
		{99B80554-DE8A-4BE5-AC2F-21F8BAC52FA5}.Release|Any CPU.Build.0 = Release|Any CPU
		{D1266689-32D9-4C9F-8771-87E5D07E94AF}.Debug|Any CPU.ActiveCfg = Debug|Any CPU
		{D1266689-32D9-4C9F-8771-87E5D07E94AF}.Debug|Any CPU.Build.0 = Debug|Any CPU
		{D1266689-32D9-4C9F-8771-87E5D07E94AF}.Release|Any CPU.ActiveCfg = Release|Any CPU
		{D1266689-32D9-4C9F-8771-87E5D07E94AF}.Release|Any CPU.Build.0 = Release|Any CPU
		{3D8538F4-0773-4487-A705-18AEC41CC7C4}.Debug|Any CPU.ActiveCfg = Debug|Any CPU
		{3D8538F4-0773-4487-A705-18AEC41CC7C4}.Debug|Any CPU.Build.0 = Debug|Any CPU
		{3D8538F4-0773-4487-A705-18AEC41CC7C4}.Release|Any CPU.ActiveCfg = Release|Any CPU
		{3D8538F4-0773-4487-A705-18AEC41CC7C4}.Release|Any CPU.Build.0 = Release|Any CPU
		{0103602E-4AA2-416E-AF5D-2AD76DCF41D6}.Debug|Any CPU.ActiveCfg = Debug|Any CPU
		{0103602E-4AA2-416E-AF5D-2AD76DCF41D6}.Debug|Any CPU.Build.0 = Debug|Any CPU
		{0103602E-4AA2-416E-AF5D-2AD76DCF41D6}.Release|Any CPU.ActiveCfg = Release|Any CPU
		{0103602E-4AA2-416E-AF5D-2AD76DCF41D6}.Release|Any CPU.Build.0 = Release|Any CPU
	EndGlobalSection
	GlobalSection(SolutionProperties) = preSolution
		HideSolutionNode = FALSE
	EndGlobalSection
	GlobalSection(NestedProjects) = preSolution
		{559B1681-8780-4CF0-BC1B-B2B83831B143} = {C2F66737-89FB-4E04-AC00-3E429D36DF38}
		{2F990089-E535-459D-BB26-0895AB908BD5} = {C2F66737-89FB-4E04-AC00-3E429D36DF38}
		{99B80554-DE8A-4BE5-AC2F-21F8BAC52FA5} = {C2F66737-89FB-4E04-AC00-3E429D36DF38}
		{D1266689-32D9-4C9F-8771-87E5D07E94AF} = {C2F66737-89FB-4E04-AC00-3E429D36DF38}
		{3D8538F4-0773-4487-A705-18AEC41CC7C4} = {02EA681E-C7D8-13C7-8484-4AC65E1B71E8}
		{0103602E-4AA2-416E-AF5D-2AD76DCF41D6} = {02EA681E-C7D8-13C7-8484-4AC65E1B71E8}
	EndGlobalSection
	GlobalSection(ExtensibilityGlobals) = postSolution
		SolutionGuid = {6A48C1B9-F785-4851-BE8F-D68018988535}
	EndGlobalSection
EndGlobal
